
Microsoft Visual Studio Solution File, Format Version 12.00
Project("{FAE04EC0-301F-11D3-BF4B-00C04F79EFBC}") = "Benchmark", "Benchmark\Benchmark.csproj", "{6C03EC1D-F0F3-42AB-891F-F02CC9C5F749}"
EndProject
Global
	GlobalSection(SolutionConfigurationPlatforms) = preSolution
		Debug|Any CPU = Debug|Any CPU
		Release|Any CPU = Release|Any CPU
	EndGlobalSection
	GlobalSection(ProjectConfigurationPlatforms) = postSolution
		{6C03EC1D-F0F3-42AB-891F-F02CC9C5F749}.Debug|Any CPU.ActiveCfg = Debug|Any CPU
		{6C03EC1D-F0F3-42AB-891F-F02CC9C5F749}.Debug|Any CPU.Build.0 = Debug|Any CPU
		{6C03EC1D-F0F3-42AB-891F-F02CC9C5F749}.Release|Any CPU.ActiveCfg = Release|Any CPU
		{6C03EC1D-F0F3-42AB-891F-F02CC9C5F749}.Release|Any CPU.Build.0 = Release|Any CPU
	EndGlobalSection
EndGlobal
